
Microsoft Visual Studio Solution File, Format Version 10.00
# Visual Studio 2008
Project("{8BC9CEB8-8B4A-11D0-8D11-00A0C91BC942}") = "CryptoFBC", "CryptoFBC.vcproj", "{AFCE2422-92DB-4C51-9014-030A43B0E7C0}"
EndProject
Project("{8BC9CEB8-8B4A-11D0-8D11-00A0C91BC942}") = "LibTest", "LibTest\LibTest.vcproj", "{457E499C-39EA-4138-AC6D-CF14C2D6EF80}"
EndProject
Global
	GlobalSection(SolutionConfigurationPlatforms) = preSolution
		Debug|Win32 = Debug|Win32
		Release|Win32 = Release|Win32
	EndGlobalSection
	GlobalSection(ProjectConfigurationPlatforms) = postSolution
		{AFCE2422-92DB-4C51-9014-030A43B0E7C0}.Debug|Win32.ActiveCfg = Debug|Win32
		{AFCE2422-92DB-4C51-9014-030A43B0E7C0}.Debug|Win32.Build.0 = Debug|Win32
		{AFCE2422-92DB-4C51-9014-030A43B0E7C0}.Release|Win32.ActiveCfg = Release|Win32
		{AFCE2422-92DB-4C51-9014-030A43B0E7C0}.Release|Win32.Build.0 = Release|Win32
		{457E499C-39EA-4138-AC6D-CF14C2D6EF80}.Debug|Win32.ActiveCfg = Debug|Win32
		{457E499C-39EA-4138-AC6D-CF14C2D6EF80}.Debug|Win32.Build.0 = Debug|Win32
		{457E499C-39EA-4138-AC6D-CF14C2D6EF80}.Release|Win32.ActiveCfg = Release|Win32
		{457E499C-39EA-4138-AC6D-CF14C2D6EF80}.Release|Win32.Build.0 = Release|Win32
	EndGlobalSection
	GlobalSection(SolutionProperties) = preSolution
		HideSolutionNode = FALSE
	EndGlobalSection
EndGlobal
